// !$*UTF8*$!
{
	archiveVersion = 1;
	classes = {
	};
	objectVersion = 55;
	objects = {

/* Begin PBXBuildFile section */
		7E1A9E8827C755CD00FD4558 /* TagView.swift in Sources */ = {isa = PBXBuildFile; fileRef = 7E1A9E8727C755CD00FD4558 /* TagView.swift */; };
		7E1A9E8A27C7578D00FD4558 /* Record.swift in Sources */ = {isa = PBXBuildFile; fileRef = 7E1A9E8927C7578D00FD4558 /* Record.swift */; };
		7E53ABA327CC648C006A2536 /* RecordInfoForm.swift in Sources */ = {isa = PBXBuildFile; fileRef = 7E53ABA227CC648C006A2536 /* RecordInfoForm.swift */; };
		7E53ABA827CC7DEF006A2536 /* WrappingHStack in Frameworks */ = {isa = PBXBuildFile; productRef = 7E53ABA727CC7DEF006A2536 /* WrappingHStack */; };
		7E53ABAA27CCC996006A2536 /* UIApplication.swift in Sources */ = {isa = PBXBuildFile; fileRef = 7E53ABA927CCC996006A2536 /* UIApplication.swift */; };
		7E93460627C87FC000C50081 /* RecordList.swift in Sources */ = {isa = PBXBuildFile; fileRef = 7E93460527C87FC000C50081 /* RecordList.swift */; };
		7E93460827C8883700C50081 /* Date.swift in Sources */ = {isa = PBXBuildFile; fileRef = 7E93460727C8883700C50081 /* Date.swift */; };
		7E93460A27C8A37C00C50081 /* TagColorChooseView.swift in Sources */ = {isa = PBXBuildFile; fileRef = 7E93460927C8A37C00C50081 /* TagColorChooseView.swift */; };
		7E93460F27C8AF0600C50081 /* RecordDetail.swift in Sources */ = {isa = PBXBuildFile; fileRef = 7E93460E27C8AF0600C50081 /* RecordDetail.swift */; };
		7E93461127C8C0CF00C50081 /* RecordDetailView.swift in Sources */ = {isa = PBXBuildFile; fileRef = 7E93461027C8C0CF00C50081 /* RecordDetailView.swift */; };
		7EAD754B27C5D9B4002F9682 /* App.swift in Sources */ = {isa = PBXBuildFile; fileRef = 7EAD754A27C5D9B4002F9682 /* App.swift */; };
		7EAD754D27C5D9B4002F9682 /* ContentView.swift in Sources */ = {isa = PBXBuildFile; fileRef = 7EAD754C27C5D9B4002F9682 /* ContentView.swift */; };
		7EAD754F27C5D9B5002F9682 /* Assets.xcassets in Resources */ = {isa = PBXBuildFile; fileRef = 7EAD754E27C5D9B5002F9682 /* Assets.xcassets */; };
		7EAD755227C5D9B5002F9682 /* Preview Assets.xcassets in Resources */ = {isa = PBXBuildFile; fileRef = 7EAD755127C5D9B5002F9682 /* Preview Assets.xcassets */; };
		7EAD756027C5E13F002F9682 /* RecordListView.swift in Sources */ = {isa = PBXBuildFile; fileRef = 7EAD755F27C5E13F002F9682 /* RecordListView.swift */; };
		7EAD756227C5E15A002F9682 /* LibraryListView.swift in Sources */ = {isa = PBXBuildFile; fileRef = 7EAD756127C5E15A002F9682 /* LibraryListView.swift */; };
		7EAD756427C5E170002F9682 /* UserSettingView.swift in Sources */ = {isa = PBXBuildFile; fileRef = 7EAD756327C5E170002F9682 /* UserSettingView.swift */; };
		7EAD756727C5E429002F9682 /* Markdown in Frameworks */ = {isa = PBXBuildFile; productRef = 7EAD756627C5E429002F9682 /* Markdown */; };
		7EAD756927C5E429002F9682 /* RoomTime in Frameworks */ = {isa = PBXBuildFile; productRef = 7EAD756827C5E429002F9682 /* RoomTime */; };
		7EAD756C27C5FA60002F9682 /* UserInfoSettingView.swift in Sources */ = {isa = PBXBuildFile; fileRef = 7EAD756B27C5FA60002F9682 /* UserInfoSettingView.swift */; };
		7EAD756E27C5FC71002F9682 /* TagLibrarySettingView.swift in Sources */ = {isa = PBXBuildFile; fileRef = 7EAD756D27C5FC71002F9682 /* TagLibrarySettingView.swift */; };
		7EAD757527C60CD2002F9682 /* Tag.swift in Sources */ = {isa = PBXBuildFile; fileRef = 7EAD757427C60CD2002F9682 /* Tag.swift */; };
		7EAD757A27C61860002F9682 /* Test.swift in Sources */ = {isa = PBXBuildFile; fileRef = 7EAD757927C6185F002F9682 /* Test.swift */; };
		7EAD757D27C61DB9002F9682 /* Yams in Frameworks */ = {isa = PBXBuildFile; productRef = 7EAD757C27C61DB9002F9682 /* Yams */; };
		7EAD758027C62145002F9682 /* Files in Frameworks */ = {isa = PBXBuildFile; productRef = 7EAD757F27C62145002F9682 /* Files */; };
		7EAD758227C621B1002F9682 /* Settings.swift in Sources */ = {isa = PBXBuildFile; fileRef = 7EAD758127C621B1002F9682 /* Settings.swift */; };
		7EAD758527C6228C002F9682 /* UserSettings.swift in Sources */ = {isa = PBXBuildFile; fileRef = 7EAD758427C6228C002F9682 /* UserSettings.swift */; };
		7EAD758827C62346002F9682 /* Storage.swift in Sources */ = {isa = PBXBuildFile; fileRef = 7EAD758727C62346002F9682 /* Storage.swift */; };
		7EAD758C27C632A0002F9682 /* TagFormView.swift in Sources */ = {isa = PBXBuildFile; fileRef = 7EAD758B27C632A0002F9682 /* TagFormView.swift */; };
		7EAD758F27C63608002F9682 /* UIColor+Color.swift in Sources */ = {isa = PBXBuildFile; fileRef = 7EAD758E27C63608002F9682 /* UIColor+Color.swift */; };
/* End PBXBuildFile section */

/* Begin PBXFileReference section */
		7E1A9E8727C755CD00FD4558 /* TagView.swift */ = {isa = PBXFileReference; lastKnownFileType = sourcecode.swift; path = TagView.swift; sourceTree = "<group>"; };
		7E1A9E8927C7578D00FD4558 /* Record.swift */ = {isa = PBXFileReference; lastKnownFileType = sourcecode.swift; path = Record.swift; sourceTree = "<group>"; };
		7E53ABA227CC648C006A2536 /* RecordInfoForm.swift */ = {isa = PBXFileReference; lastKnownFileType = sourcecode.swift; path = RecordInfoForm.swift; sourceTree = "<group>"; };
		7E53ABA927CCC996006A2536 /* UIApplication.swift */ = {isa = PBXFileReference; lastKnownFileType = sourcecode.swift; path = UIApplication.swift; sourceTree = "<group>"; };
		7E93460527C87FC000C50081 /* RecordList.swift */ = {isa = PBXFileReference; lastKnownFileType = sourcecode.swift; path = RecordList.swift; sourceTree = "<group>"; };
		7E93460727C8883700C50081 /* Date.swift */ = {isa = PBXFileReference; lastKnownFileType = sourcecode.swift; path = Date.swift; sourceTree = "<group>"; };
		7E93460927C8A37C00C50081 /* TagColorChooseView.swift */ = {isa = PBXFileReference; lastKnownFileType = sourcecode.swift; path = TagColorChooseView.swift; sourceTree = "<group>"; };
		7E93460E27C8AF0600C50081 /* RecordDetail.swift */ = {isa = PBXFileReference; lastKnownFileType = sourcecode.swift; path = RecordDetail.swift; sourceTree = "<group>"; };
		7E93461027C8C0CF00C50081 /* RecordDetailView.swift */ = {isa = PBXFileReference; lastKnownFileType = sourcecode.swift; path = RecordDetailView.swift; sourceTree = "<group>"; };
		7EAD754727C5D9B4002F9682 /* RoomTime Lite.app */ = {isa = PBXFileReference; explicitFileType = wrapper.application; includeInIndex = 0; path = "RoomTime Lite.app"; sourceTree = BUILT_PRODUCTS_DIR; };
		7EAD754A27C5D9B4002F9682 /* App.swift */ = {isa = PBXFileReference; lastKnownFileType = sourcecode.swift; path = App.swift; sourceTree = "<group>"; };
		7EAD754C27C5D9B4002F9682 /* ContentView.swift */ = {isa = PBXFileReference; lastKnownFileType = sourcecode.swift; path = ContentView.swift; sourceTree = "<group>"; };
		7EAD754E27C5D9B5002F9682 /* Assets.xcassets */ = {isa = PBXFileReference; lastKnownFileType = folder.assetcatalog; path = Assets.xcassets; sourceTree = "<group>"; };
		7EAD755127C5D9B5002F9682 /* Preview Assets.xcassets */ = {isa = PBXFileReference; lastKnownFileType = folder.assetcatalog; path = "Preview Assets.xcassets"; sourceTree = "<group>"; };
		7EAD755927C5DA27002F9682 /* RoomTime */ = {isa = PBXFileReference; lastKnownFileType = wrapper; name = RoomTime; path = ../RoomTime; sourceTree = "<group>"; };
		7EAD755A27C5E06E002F9682 /* RoomTime-Lite-Info.plist */ = {isa = PBXFileReference; lastKnownFileType = text.plist; path = "RoomTime-Lite-Info.plist"; sourceTree = SOURCE_ROOT; };
		7EAD755F27C5E13F002F9682 /* RecordListView.swift */ = {isa = PBXFileReference; lastKnownFileType = sourcecode.swift; path = RecordListView.swift; sourceTree = "<group>"; };
		7EAD756127C5E15A002F9682 /* LibraryListView.swift */ = {isa = PBXFileReference; lastKnownFileType = sourcecode.swift; path = LibraryListView.swift; sourceTree = "<group>"; };
		7EAD756327C5E170002F9682 /* UserSettingView.swift */ = {isa = PBXFileReference; lastKnownFileType = sourcecode.swift; path = UserSettingView.swift; sourceTree = "<group>"; };
		7EAD756B27C5FA60002F9682 /* UserInfoSettingView.swift */ = {isa = PBXFileReference; lastKnownFileType = sourcecode.swift; path = UserInfoSettingView.swift; sourceTree = "<group>"; };
		7EAD756D27C5FC71002F9682 /* TagLibrarySettingView.swift */ = {isa = PBXFileReference; lastKnownFileType = sourcecode.swift; path = TagLibrarySettingView.swift; sourceTree = "<group>"; };
		7EAD757427C60CD2002F9682 /* Tag.swift */ = {isa = PBXFileReference; lastKnownFileType = sourcecode.swift; path = Tag.swift; sourceTree = "<group>"; };
		7EAD757927C6185F002F9682 /* Test.swift */ = {isa = PBXFileReference; lastKnownFileType = sourcecode.swift; path = Test.swift; sourceTree = "<group>"; };
		7EAD758127C621B1002F9682 /* Settings.swift */ = {isa = PBXFileReference; lastKnownFileType = sourcecode.swift; path = Settings.swift; sourceTree = "<group>"; };
		7EAD758427C6228C002F9682 /* UserSettings.swift */ = {isa = PBXFileReference; lastKnownFileType = sourcecode.swift; path = UserSettings.swift; sourceTree = "<group>"; };
		7EAD758727C62346002F9682 /* Storage.swift */ = {isa = PBXFileReference; lastKnownFileType = sourcecode.swift; path = Storage.swift; sourceTree = "<group>"; };
		7EAD758B27C632A0002F9682 /* TagFormView.swift */ = {isa = PBXFileReference; lastKnownFileType = sourcecode.swift; path = TagFormView.swift; sourceTree = "<group>"; };
		7EAD758E27C63608002F9682 /* UIColor+Color.swift */ = {isa = PBXFileReference; lastKnownFileType = sourcecode.swift; path = "UIColor+Color.swift"; sourceTree = "<group>"; };
/* End PBXFileReference section */

/* Begin PBXFrameworksBuildPhase section */
		7EAD754427C5D9B4002F9682 /* Frameworks */ = {
			isa = PBXFrameworksBuildPhase;
			buildActionMask = 2147483647;
			files = (
				7EAD758027C62145002F9682 /* Files in Frameworks */,
				7EAD756927C5E429002F9682 /* RoomTime in Frameworks */,
				7EAD757D27C61DB9002F9682 /* Yams in Frameworks */,
				7EAD756727C5E429002F9682 /* Markdown in Frameworks */,
				7E53ABA827CC7DEF006A2536 /* WrappingHStack in Frameworks */,
			);
			runOnlyForDeploymentPostprocessing = 0;
		};
/* End PBXFrameworksBuildPhase section */

/* Begin PBXGroup section */
		7E1A9E8627C755A700FD4558 /* Component */ = {
			isa = PBXGroup;
			children = (
				7E1A9E8727C755CD00FD4558 /* TagView.swift */,
			);
			path = Component;
			sourceTree = "<group>";
		};
		7E93460B27C8AE4300C50081 /* RecordEditing */ = {
			isa = PBXGroup;
			children = (
				7E93461027C8C0CF00C50081 /* RecordDetailView.swift */,
				7E53ABA227CC648C006A2536 /* RecordInfoForm.swift */,
			);
			path = RecordEditing;
			sourceTree = "<group>";
		};
		7EAD753E27C5D9B4002F9682 = {
			isa = PBXGroup;
			children = (
				7EAD755827C5DA27002F9682 /* Packages */,
				7EAD754927C5D9B4002F9682 /* RoomTime Lite */,
				7EAD754827C5D9B4002F9682 /* Products */,
			);
			sourceTree = "<group>";
		};
		7EAD754827C5D9B4002F9682 /* Products */ = {
			isa = PBXGroup;
			children = (
				7EAD754727C5D9B4002F9682 /* RoomTime Lite.app */,
			);
			name = Products;
			sourceTree = "<group>";
		};
		7EAD754927C5D9B4002F9682 /* RoomTime Lite */ = {
			isa = PBXGroup;
			children = (
				7EAD754A27C5D9B4002F9682 /* App.swift */,
				7EAD757927C6185F002F9682 /* Test.swift */,
				7EAD754C27C5D9B4002F9682 /* ContentView.swift */,
				7EAD757327C60C89002F9682 /* Views */,
				7EAD758327C62258002F9682 /* ViewModel */,
				7EAD757027C605EE002F9682 /* Model */,
				7EAD758627C62329002F9682 /* Utility */,
				7EAD758D27C635EF002F9682 /* Extension */,
				7EAD754E27C5D9B5002F9682 /* Assets.xcassets */,
				7EAD755A27C5E06E002F9682 /* RoomTime-Lite-Info.plist */,
				7EAD755027C5D9B5002F9682 /* Preview Content */,
			);
			path = "RoomTime Lite";
			sourceTree = "<group>";
		};
		7EAD755027C5D9B5002F9682 /* Preview Content */ = {
			isa = PBXGroup;
			children = (
				7EAD755127C5D9B5002F9682 /* Preview Assets.xcassets */,
			);
			path = "Preview Content";
			sourceTree = "<group>";
		};
		7EAD755827C5DA27002F9682 /* Packages */ = {
			isa = PBXGroup;
			children = (
				7EAD755927C5DA27002F9682 /* RoomTime */,
			);
			name = Packages;
			sourceTree = "<group>";
		};
		7EAD756A27C5F988002F9682 /* UserSetting */ = {
			isa = PBXGroup;
			children = (
				7EAD756B27C5FA60002F9682 /* UserInfoSettingView.swift */,
				7EAD756D27C5FC71002F9682 /* TagLibrarySettingView.swift */,
				7E93460927C8A37C00C50081 /* TagColorChooseView.swift */,
				7EAD758B27C632A0002F9682 /* TagFormView.swift */,
			);
			path = UserSetting;
			sourceTree = "<group>";
		};
		7EAD757027C605EE002F9682 /* Model */ = {
			isa = PBXGroup;
			children = (
				7EAD757427C60CD2002F9682 /* Tag.swift */,
				7EAD758127C621B1002F9682 /* Settings.swift */,
				7E1A9E8927C7578D00FD4558 /* Record.swift */,
			);
			path = Model;
			sourceTree = "<group>";
		};
		7EAD757327C60C89002F9682 /* Views */ = {
			isa = PBXGroup;
			children = (
				7E1A9E8627C755A700FD4558 /* Component */,
				7EAD755F27C5E13F002F9682 /* RecordListView.swift */,
				7EAD756127C5E15A002F9682 /* LibraryListView.swift */,
				7EAD756327C5E170002F9682 /* UserSettingView.swift */,
				7E93460B27C8AE4300C50081 /* RecordEditing */,
				7EAD756A27C5F988002F9682 /* UserSetting */,
			);
			path = Views;
			sourceTree = "<group>";
		};
		7EAD758327C62258002F9682 /* ViewModel */ = {
			isa = PBXGroup;
			children = (
				7EAD758427C6228C002F9682 /* UserSettings.swift */,
				7E93460527C87FC000C50081 /* RecordList.swift */,
				7E93460E27C8AF0600C50081 /* RecordDetail.swift */,
			);
			path = ViewModel;
			sourceTree = "<group>";
		};
		7EAD758627C62329002F9682 /* Utility */ = {
			isa = PBXGroup;
			children = (
				7EAD758727C62346002F9682 /* Storage.swift */,
			);
			path = Utility;
			sourceTree = "<group>";
		};
		7EAD758D27C635EF002F9682 /* Extension */ = {
			isa = PBXGroup;
			children = (
				7EAD758E27C63608002F9682 /* UIColor+Color.swift */,
				7E93460727C8883700C50081 /* Date.swift */,
				7E53ABA927CCC996006A2536 /* UIApplication.swift */,
			);
			path = Extension;
			sourceTree = "<group>";
		};
/* End PBXGroup section */

/* Begin PBXNativeTarget section */
		7EAD754627C5D9B4002F9682 /* RoomTime Lite */ = {
			isa = PBXNativeTarget;
			buildConfigurationList = 7EAD755527C5D9B5002F9682 /* Build configuration list for PBXNativeTarget "RoomTime Lite" */;
			buildPhases = (
				7EAD754327C5D9B4002F9682 /* Sources */,
				7EAD754427C5D9B4002F9682 /* Frameworks */,
				7EAD754527C5D9B4002F9682 /* Resources */,
			);
			buildRules = (
			);
			dependencies = (
			);
			name = "RoomTime Lite";
			packageProductDependencies = (
				7EAD756627C5E429002F9682 /* Markdown */,
				7EAD756827C5E429002F9682 /* RoomTime */,
				7EAD757C27C61DB9002F9682 /* Yams */,
				7EAD757F27C62145002F9682 /* Files */,
				7E53ABA727CC7DEF006A2536 /* WrappingHStack */,
			);
			productName = "RoomTime Lite";
			productReference = 7EAD754727C5D9B4002F9682 /* RoomTime Lite.app */;
			productType = "com.apple.product-type.application";
		};
/* End PBXNativeTarget section */

/* Begin PBXProject section */
		7EAD753F27C5D9B4002F9682 /* Project object */ = {
			isa = PBXProject;
			attributes = {
				BuildIndependentTargetsInParallel = 1;
				LastSwiftUpdateCheck = 1320;
				LastUpgradeCheck = 1320;
				TargetAttributes = {
					7EAD754627C5D9B4002F9682 = {
						CreatedOnToolsVersion = 13.2.1;
					};
				};
			};
			buildConfigurationList = 7EAD754227C5D9B4002F9682 /* Build configuration list for PBXProject "RoomTime Lite" */;
			compatibilityVersion = "Xcode 13.0";
			developmentRegion = en;
			hasScannedForEncodings = 0;
			knownRegions = (
				en,
				Base,
				"zh-Hans",
			);
			mainGroup = 7EAD753E27C5D9B4002F9682;
			packageReferences = (
				7EAD756527C5E429002F9682 /* XCRemoteSwiftPackageReference "RoomTime" */,
				7EAD757B27C61DB9002F9682 /* XCRemoteSwiftPackageReference "Yams" */,
				7EAD757E27C62145002F9682 /* XCRemoteSwiftPackageReference "Files" */,
				7E53ABA627CC7DEF006A2536 /* XCRemoteSwiftPackageReference "WrappingHStack" */,
			);
			productRefGroup = 7EAD754827C5D9B4002F9682 /* Products */;
			projectDirPath = "";
			projectRoot = "";
			targets = (
				7EAD754627C5D9B4002F9682 /* RoomTime Lite */,
			);
		};
/* End PBXProject section */

/* Begin PBXResourcesBuildPhase section */
		7EAD754527C5D9B4002F9682 /* Resources */ = {
			isa = PBXResourcesBuildPhase;
			buildActionMask = 2147483647;
			files = (
				7EAD755227C5D9B5002F9682 /* Preview Assets.xcassets in Resources */,
				7EAD754F27C5D9B5002F9682 /* Assets.xcassets in Resources */,
			);
			runOnlyForDeploymentPostprocessing = 0;
		};
/* End PBXResourcesBuildPhase section */

/* Begin PBXSourcesBuildPhase section */
		7EAD754327C5D9B4002F9682 /* Sources */ = {
			isa = PBXSourcesBuildPhase;
			buildActionMask = 2147483647;
			files = (
				7E53ABAA27CCC996006A2536 /* UIApplication.swift in Sources */,
				7EAD757527C60CD2002F9682 /* Tag.swift in Sources */,
				7EAD756427C5E170002F9682 /* UserSettingView.swift in Sources */,
				7E93460627C87FC000C50081 /* RecordList.swift in Sources */,
				7EAD757A27C61860002F9682 /* Test.swift in Sources */,
				7EAD756227C5E15A002F9682 /* LibraryListView.swift in Sources */,
				7EAD758227C621B1002F9682 /* Settings.swift in Sources */,
				7EAD758827C62346002F9682 /* Storage.swift in Sources */,
				7E93460827C8883700C50081 /* Date.swift in Sources */,
				7E1A9E8A27C7578D00FD4558 /* Record.swift in Sources */,
				7EAD758C27C632A0002F9682 /* TagFormView.swift in Sources */,
				7EAD758F27C63608002F9682 /* UIColor+Color.swift in Sources */,
				7EAD756E27C5FC71002F9682 /* TagLibrarySettingView.swift in Sources */,
				7E53ABA327CC648C006A2536 /* RecordInfoForm.swift in Sources */,
				7EAD754D27C5D9B4002F9682 /* ContentView.swift in Sources */,
				7EAD754B27C5D9B4002F9682 /* App.swift in Sources */,
				7E93461127C8C0CF00C50081 /* RecordDetailView.swift in Sources */,
				7E1A9E8827C755CD00FD4558 /* TagView.swift in Sources */,
				7EAD756C27C5FA60002F9682 /* UserInfoSettingView.swift in Sources */,
				7E93460A27C8A37C00C50081 /* TagColorChooseView.swift in Sources */,
				7EAD756027C5E13F002F9682 /* RecordListView.swift in Sources */,
				7E93460F27C8AF0600C50081 /* RecordDetail.swift in Sources */,
				7EAD758527C6228C002F9682 /* UserSettings.swift in Sources */,
			);
			runOnlyForDeploymentPostprocessing = 0;
		};
/* End PBXSourcesBuildPhase section */

/* Begin XCBuildConfiguration section */
		7EAD755327C5D9B5002F9682 /* Debug */ = {
			isa = XCBuildConfiguration;
			buildSettings = {
				ALWAYS_SEARCH_USER_PATHS = NO;
				CLANG_ANALYZER_NONNULL = YES;
				CLANG_ANALYZER_NUMBER_OBJECT_CONVERSION = YES_AGGRESSIVE;
				CLANG_CXX_LANGUAGE_STANDARD = "gnu++17";
				CLANG_CXX_LIBRARY = "libc++";
				CLANG_ENABLE_MODULES = YES;
				CLANG_ENABLE_OBJC_ARC = YES;
				CLANG_ENABLE_OBJC_WEAK = YES;
				CLANG_WARN_BLOCK_CAPTURE_AUTORELEASING = YES;
				CLANG_WARN_BOOL_CONVERSION = YES;
				CLANG_WARN_COMMA = YES;
				CLANG_WARN_CONSTANT_CONVERSION = YES;
				CLANG_WARN_DEPRECATED_OBJC_IMPLEMENTATIONS = YES;
				CLANG_WARN_DIRECT_OBJC_ISA_USAGE = YES_ERROR;
				CLANG_WARN_DOCUMENTATION_COMMENTS = YES;
				CLANG_WARN_EMPTY_BODY = YES;
				CLANG_WARN_ENUM_CONVERSION = YES;
				CLANG_WARN_INFINITE_RECURSION = YES;
				CLANG_WARN_INT_CONVERSION = YES;
				CLANG_WARN_NON_LITERAL_NULL_CONVERSION = YES;
				CLANG_WARN_OBJC_IMPLICIT_RETAIN_SELF = YES;
				CLANG_WARN_OBJC_LITERAL_CONVERSION = YES;
				CLANG_WARN_OBJC_ROOT_CLASS = YES_ERROR;
				CLANG_WARN_QUOTED_INCLUDE_IN_FRAMEWORK_HEADER = YES;
				CLANG_WARN_RANGE_LOOP_ANALYSIS = YES;
				CLANG_WARN_STRICT_PROTOTYPES = YES;
				CLANG_WARN_SUSPICIOUS_MOVE = YES;
				CLANG_WARN_UNGUARDED_AVAILABILITY = YES_AGGRESSIVE;
				CLANG_WARN_UNREACHABLE_CODE = YES;
				CLANG_WARN__DUPLICATE_METHOD_MATCH = YES;
				COPY_PHASE_STRIP = NO;
				DEBUG_INFORMATION_FORMAT = dwarf;
				ENABLE_STRICT_OBJC_MSGSEND = YES;
				ENABLE_TESTABILITY = YES;
				GCC_C_LANGUAGE_STANDARD = gnu11;
				GCC_DYNAMIC_NO_PIC = NO;
				GCC_NO_COMMON_BLOCKS = YES;
				GCC_OPTIMIZATION_LEVEL = 0;
				GCC_PREPROCESSOR_DEFINITIONS = (
					"DEBUG=1",
					"$(inherited)",
				);
				GCC_WARN_64_TO_32_BIT_CONVERSION = YES;
				GCC_WARN_ABOUT_RETURN_TYPE = YES_ERROR;
				GCC_WARN_UNDECLARED_SELECTOR = YES;
				GCC_WARN_UNINITIALIZED_AUTOS = YES_AGGRESSIVE;
				GCC_WARN_UNUSED_FUNCTION = YES;
				GCC_WARN_UNUSED_VARIABLE = YES;
				IPHONEOS_DEPLOYMENT_TARGET = 15.2;
				MTL_ENABLE_DEBUG_INFO = INCLUDE_SOURCE;
				MTL_FAST_MATH = YES;
				ONLY_ACTIVE_ARCH = YES;
				SDKROOT = iphoneos;
				SWIFT_ACTIVE_COMPILATION_CONDITIONS = DEBUG;
				SWIFT_OPTIMIZATION_LEVEL = "-Onone";
			};
			name = Debug;
		};
		7EAD755427C5D9B5002F9682 /* Release */ = {
			isa = XCBuildConfiguration;
			buildSettings = {
				ALWAYS_SEARCH_USER_PATHS = NO;
				CLANG_ANALYZER_NONNULL = YES;
				CLANG_ANALYZER_NUMBER_OBJECT_CONVERSION = YES_AGGRESSIVE;
				CLANG_CXX_LANGUAGE_STANDARD = "gnu++17";
				CLANG_CXX_LIBRARY = "libc++";
				CLANG_ENABLE_MODULES = YES;
				CLANG_ENABLE_OBJC_ARC = YES;
				CLANG_ENABLE_OBJC_WEAK = YES;
				CLANG_WARN_BLOCK_CAPTURE_AUTORELEASING = YES;
				CLANG_WARN_BOOL_CONVERSION = YES;
				CLANG_WARN_COMMA = YES;
				CLANG_WARN_CONSTANT_CONVERSION = YES;
				CLANG_WARN_DEPRECATED_OBJC_IMPLEMENTATIONS = YES;
				CLANG_WARN_DIRECT_OBJC_ISA_USAGE = YES_ERROR;
				CLANG_WARN_DOCUMENTATION_COMMENTS = YES;
				CLANG_WARN_EMPTY_BODY = YES;
				CLANG_WARN_ENUM_CONVERSION = YES;
				CLANG_WARN_INFINITE_RECURSION = YES;
				CLANG_WARN_INT_CONVERSION = YES;
				CLANG_WARN_NON_LITERAL_NULL_CONVERSION = YES;
				CLANG_WARN_OBJC_IMPLICIT_RETAIN_SELF = YES;
				CLANG_WARN_OBJC_LITERAL_CONVERSION = YES;
				CLANG_WARN_OBJC_ROOT_CLASS = YES_ERROR;
				CLANG_WARN_QUOTED_INCLUDE_IN_FRAMEWORK_HEADER = YES;
				CLANG_WARN_RANGE_LOOP_ANALYSIS = YES;
				CLANG_WARN_STRICT_PROTOTYPES = YES;
				CLANG_WARN_SUSPICIOUS_MOVE = YES;
				CLANG_WARN_UNGUARDED_AVAILABILITY = YES_AGGRESSIVE;
				CLANG_WARN_UNREACHABLE_CODE = YES;
				CLANG_WARN__DUPLICATE_METHOD_MATCH = YES;
				COPY_PHASE_STRIP = NO;
				DEBUG_INFORMATION_FORMAT = "dwarf-with-dsym";
				ENABLE_NS_ASSERTIONS = NO;
				ENABLE_STRICT_OBJC_MSGSEND = YES;
				GCC_C_LANGUAGE_STANDARD = gnu11;
				GCC_NO_COMMON_BLOCKS = YES;
				GCC_WARN_64_TO_32_BIT_CONVERSION = YES;
				GCC_WARN_ABOUT_RETURN_TYPE = YES_ERROR;
				GCC_WARN_UNDECLARED_SELECTOR = YES;
				GCC_WARN_UNINITIALIZED_AUTOS = YES_AGGRESSIVE;
				GCC_WARN_UNUSED_FUNCTION = YES;
				GCC_WARN_UNUSED_VARIABLE = YES;
				IPHONEOS_DEPLOYMENT_TARGET = 15.2;
				MTL_ENABLE_DEBUG_INFO = NO;
				MTL_FAST_MATH = YES;
				SDKROOT = iphoneos;
				SWIFT_COMPILATION_MODE = wholemodule;
				SWIFT_OPTIMIZATION_LEVEL = "-O";
				VALIDATE_PRODUCT = YES;
			};
			name = Release;
		};
		7EAD755627C5D9B5002F9682 /* Debug */ = {
			isa = XCBuildConfiguration;
			buildSettings = {
				ASSETCATALOG_COMPILER_APPICON_NAME = AppIcon;
				ASSETCATALOG_COMPILER_GLOBAL_ACCENT_COLOR_NAME = AccentColor;
				CODE_SIGN_STYLE = Automatic;
				CURRENT_PROJECT_VERSION = 1;
				DEVELOPMENT_ASSET_PATHS = "\"RoomTime Lite/Preview Content\"";
				DEVELOPMENT_TEAM = UGSV2864FU;
				ENABLE_PREVIEWS = YES;
				GENERATE_INFOPLIST_FILE = YES;
				INFOPLIST_FILE = "RoomTime-Lite-Info.plist";
				INFOPLIST_KEY_UIApplicationSceneManifest_Generation = YES;
				INFOPLIST_KEY_UIApplicationSupportsIndirectInputEvents = YES;
				INFOPLIST_KEY_UILaunchScreen_Generation = YES;
				INFOPLIST_KEY_UISupportedInterfaceOrientations_iPad = "UIInterfaceOrientationPortrait UIInterfaceOrientationPortraitUpsideDown UIInterfaceOrientationLandscapeLeft UIInterfaceOrientationLandscapeRight";
				INFOPLIST_KEY_UISupportedInterfaceOrientations_iPhone = "UIInterfaceOrientationPortrait UIInterfaceOrientationLandscapeLeft UIInterfaceOrientationLandscapeRight";
				LD_RUNPATH_SEARCH_PATHS = (
					"$(inherited)",
					"@executable_path/Frameworks",
				);
				MARKETING_VERSION = 1.0;
				PRODUCT_BUNDLE_IDENTIFIER = "cn.talaxy.RoomTime-Lite";
				PRODUCT_NAME = "RoomTime Lite";
				SWIFT_EMIT_LOC_STRINGS = YES;
				SWIFT_VERSION = 5.0;
				TARGETED_DEVICE_FAMILY = "1,2";
			};
			name = Debug;
		};
		7EAD755727C5D9B5002F9682 /* Release */ = {
			isa = XCBuildConfiguration;
			buildSettings = {
				ASSETCATALOG_COMPILER_APPICON_NAME = AppIcon;
				ASSETCATALOG_COMPILER_GLOBAL_ACCENT_COLOR_NAME = AccentColor;
				CODE_SIGN_STYLE = Automatic;
				CURRENT_PROJECT_VERSION = 1;
				DEVELOPMENT_ASSET_PATHS = "\"RoomTime Lite/Preview Content\"";
				DEVELOPMENT_TEAM = UGSV2864FU;
				ENABLE_PREVIEWS = YES;
				GENERATE_INFOPLIST_FILE = YES;
				INFOPLIST_FILE = "RoomTime-Lite-Info.plist";
				INFOPLIST_KEY_UIApplicationSceneManifest_Generation = YES;
				INFOPLIST_KEY_UIApplicationSupportsIndirectInputEvents = YES;
				INFOPLIST_KEY_UILaunchScreen_Generation = YES;
				INFOPLIST_KEY_UISupportedInterfaceOrientations_iPad = "UIInterfaceOrientationPortrait UIInterfaceOrientationPortraitUpsideDown UIInterfaceOrientationLandscapeLeft UIInterfaceOrientationLandscapeRight";
				INFOPLIST_KEY_UISupportedInterfaceOrientations_iPhone = "UIInterfaceOrientationPortrait UIInterfaceOrientationLandscapeLeft UIInterfaceOrientationLandscapeRight";
				LD_RUNPATH_SEARCH_PATHS = (
					"$(inherited)",
					"@executable_path/Frameworks",
				);
				MARKETING_VERSION = 1.0;
				PRODUCT_BUNDLE_IDENTIFIER = "cn.talaxy.RoomTime-Lite";
				PRODUCT_NAME = "RoomTime Lite";
				SWIFT_EMIT_LOC_STRINGS = YES;
				SWIFT_VERSION = 5.0;
				TARGETED_DEVICE_FAMILY = "1,2";
			};
			name = Release;
		};
/* End XCBuildConfiguration section */

/* Begin XCConfigurationList section */
		7EAD754227C5D9B4002F9682 /* Build configuration list for PBXProject "RoomTime Lite" */ = {
			isa = XCConfigurationList;
			buildConfigurations = (
				7EAD755327C5D9B5002F9682 /* Debug */,
				7EAD755427C5D9B5002F9682 /* Release */,
			);
			defaultConfigurationIsVisible = 0;
			defaultConfigurationName = Release;
		};
		7EAD755527C5D9B5002F9682 /* Build configuration list for PBXNativeTarget "RoomTime Lite" */ = {
			isa = XCConfigurationList;
			buildConfigurations = (
				7EAD755627C5D9B5002F9682 /* Debug */,
				7EAD755727C5D9B5002F9682 /* Release */,
			);
			defaultConfigurationIsVisible = 0;
			defaultConfigurationName = Release;
		};
/* End XCConfigurationList section */

/* Begin XCRemoteSwiftPackageReference section */
		7E53ABA627CC7DEF006A2536 /* XCRemoteSwiftPackageReference "WrappingHStack" */ = {
			isa = XCRemoteSwiftPackageReference;
			repositoryURL = "https://github.com/dkk/WrappingHStack.git";
			requirement = {
				kind = upToNextMajorVersion;
				minimumVersion = 2.0.0;
			};
		};
		7EAD756527C5E429002F9682 /* XCRemoteSwiftPackageReference "RoomTime" */ = {
			isa = XCRemoteSwiftPackageReference;
			repositoryURL = "file:///Users/talaxy/Desktop/repos/RoomTime";
			requirement = {
				kind = upToNextMajorVersion;
				minimumVersion = 0.1.0;
			};
		};
		7EAD757B27C61DB9002F9682 /* XCRemoteSwiftPackageReference "Yams" */ = {
			isa = XCRemoteSwiftPackageReference;
			repositoryURL = "https://github.com/jpsim/Yams.git";
			requirement = {
				kind = upToNextMajorVersion;
				minimumVersion = 5.0.0;
			};
		};
		7EAD757E27C62145002F9682 /* XCRemoteSwiftPackageReference "Files" */ = {
			isa = XCRemoteSwiftPackageReference;
			repositoryURL = "https://github.com/JohnSundell/Files.git";
			requirement = {
				kind = upToNextMajorVersion;
				minimumVersion = 4.0.0;
			};
		};
/* End XCRemoteSwiftPackageReference section */

/* Begin XCSwiftPackageProductDependency section */
		7E53ABA727CC7DEF006A2536 /* WrappingHStack */ = {
			isa = XCSwiftPackageProductDependency;
			package = 7E53ABA627CC7DEF006A2536 /* XCRemoteSwiftPackageReference "WrappingHStack" */;
			productName = WrappingHStack;
		};
		7EAD756627C5E429002F9682 /* Markdown */ = {
			isa = XCSwiftPackageProductDependency;
			package = 7EAD756527C5E429002F9682 /* XCRemoteSwiftPackageReference "RoomTime" */;
			productName = Markdown;
		};
		7EAD756827C5E429002F9682 /* RoomTime */ = {
			isa = XCSwiftPackageProductDependency;
			package = 7EAD756527C5E429002F9682 /* XCRemoteSwiftPackageReference "RoomTime" */;
			productName = RoomTime;
		};
		7EAD757C27C61DB9002F9682 /* Yams */ = {
			isa = XCSwiftPackageProductDependency;
			package = 7EAD757B27C61DB9002F9682 /* XCRemoteSwiftPackageReference "Yams" */;
			productName = Yams;
		};
		7EAD757F27C62145002F9682 /* Files */ = {
			isa = XCSwiftPackageProductDependency;
			package = 7EAD757E27C62145002F9682 /* XCRemoteSwiftPackageReference "Files" */;
			productName = Files;
		};
/* End XCSwiftPackageProductDependency section */
	};
	rootObject = 7EAD753F27C5D9B4002F9682 /* Project object */;
}
